
Microsoft Visual Studio Solution File, Format Version 12.00
# Visual Studio Version 17
VisualStudioVersion = 17.5.002.0
MinimumVisualStudioVersion = 10.0.40219.1
Project("{9A19103F-16F7-4668-BE54-9A1E7A4F7556}") = "c# console to test others code", "c# console to test others code.csproj", "{0F355199-827B-4EA2-A081-717313BCEA3A}"
EndProject
Global
	GlobalSection(SolutionConfigurationPlatforms) = preSolution
		Debug|Any CPU = Debug|Any CPU
		Release|Any CPU = Release|Any CPU
	EndGlobalSection
	GlobalSection(ProjectConfigurationPlatforms) = postSolution
		{0F355199-827B-4EA2-A081-717313BCEA3A}.Debug|Any CPU.ActiveCfg = Debug|Any CPU
		{0F355199-827B-4EA2-A081-717313BCEA3A}.Debug|Any CPU.Build.0 = Debug|Any CPU
		{0F355199-827B-4EA2-A081-717313BCEA3A}.Release|Any CPU.ActiveCfg = Release|Any CPU
		{0F355199-827B-4EA2-A081-717313BCEA3A}.Release|Any CPU.Build.0 = Release|Any CPU
	EndGlobalSection
	GlobalSection(SolutionProperties) = preSolution
		HideSolutionNode = FALSE
	EndGlobalSection
	GlobalSection(ExtensibilityGlobals) = postSolution
		SolutionGuid = {39866505-4920-4FAF-BFF6-118172307CB8}
	EndGlobalSection
EndGlobal
