
Microsoft Visual Studio Solution File, Format Version 11.00
# Visual Studio 2010
Project("{FAE04EC0-301F-11D3-BF4B-00C04F79EFBC}") = "UnityEngine.TestRunner", "UnityEngine.TestRunner.csproj", "{6b4ce17a-8100-4f65-d95c-165d77a7a06e}"
EndProject
Project("{FAE04EC0-301F-11D3-BF4B-00C04F79EFBC}") = "Unity.Mathematics", "Unity.Mathematics.csproj", "{45e687f8-68e3-8b3d-e240-ffed5f42d371}"
EndProject
Project("{FAE04EC0-301F-11D3-BF4B-00C04F79EFBC}") = "Unity.Timeline", "Unity.Timeline.csproj", "{6449cbf9-9bd4-e50d-cadf-fee073f28d65}"
EndProject
Project("{FAE04EC0-301F-11D3-BF4B-00C04F79EFBC}") = "Cinemachine", "Cinemachine.csproj", "{13db7418-2500-1cad-e1d0-d37a6dab0f5d}"
EndProject
Project("{FAE04EC0-301F-11D3-BF4B-00C04F79EFBC}") = "Unity.TextMeshPro", "Unity.TextMeshPro.csproj", "{79a8408a-45c4-fe07-3cfd-844fca94fb44}"
EndProject
Project("{FAE04EC0-301F-11D3-BF4B-00C04F79EFBC}") = "Unity.2D.Animation.Runtime", "Unity.2D.Animation.Runtime.csproj", "{8efad144-677b-19c6-6d81-1c2008596d47}"
EndProject
Project("{FAE04EC0-301F-11D3-BF4B-00C04F79EFBC}") = "Unity.2D.IK.Runtime", "Unity.2D.IK.Runtime.csproj", "{1075dd9d-ed7f-80ba-2202-0c99a8cf9778}"
EndProject
Project("{FAE04EC0-301F-11D3-BF4B-00C04F79EFBC}") = "Unity.2D.SpriteShape.Runtime", "Unity.2D.SpriteShape.Runtime.csproj", "{71e8d1e9-1ae4-2964-984d-e56c86524116}"
EndProject
Project("{FAE04EC0-301F-11D3-BF4B-00C04F79EFBC}") = "Unity.2D.PixelPerfect", "Unity.2D.PixelPerfect.csproj", "{273bffcf-44fe-ec80-a651-dc01b891676f}"
EndProject
Project("{FAE04EC0-301F-11D3-BF4B-00C04F79EFBC}") = "Unity.2D.Common.Runtime", "Unity.2D.Common.Runtime.csproj", "{f2ca7790-7c9b-7374-9711-d8b7f7db9328}"
EndProject
Project("{FAE04EC0-301F-11D3-BF4B-00C04F79EFBC}") = "Unity.InternalAPIEngineBridge.001", "Unity.InternalAPIEngineBridge.001.csproj", "{35a714f6-5cd0-e93e-ef7c-b5fd523ebc87}"
EndProject
Project("{FAE04EC0-301F-11D3-BF4B-00C04F79EFBC}") = "Assembly-CSharp", "Assembly-CSharp.csproj", "{0aef000a-7c5b-5302-9e95-4cd5cc085469}"
EndProject
Project("{FAE04EC0-301F-11D3-BF4B-00C04F79EFBC}") = "UnityEditor.TestRunner", "UnityEditor.TestRunner.csproj", "{df795014-f632-2b0c-81ab-41aa5ac5406a}"
EndProject
Project("{FAE04EC0-301F-11D3-BF4B-00C04F79EFBC}") = "Unity.PlasticSCM.Editor", "Unity.PlasticSCM.Editor.csproj", "{e0d83cea-d778-d3c3-cf92-5c8c6cfc6ee2}"
EndProject
Project("{FAE04EC0-301F-11D3-BF4B-00C04F79EFBC}") = "Unity.2D.Animation.Triangle.Editor", "Unity.2D.Animation.Triangle.Editor.csproj", "{57c0a0dc-19aa-1044-4172-0d14e3444812}"
EndProject
Project("{FAE04EC0-301F-11D3-BF4B-00C04F79EFBC}") = "Unity.Services.Core.Editor", "Unity.Services.Core.Editor.csproj", "{1b9d014c-a774-c183-53aa-18905136fa7c}"
EndProject
Project("{FAE04EC0-301F-11D3-BF4B-00C04F79EFBC}") = "Unity.Timeline.Editor", "Unity.Timeline.Editor.csproj", "{627f6ebc-cdd7-1010-ac9e-81ed7048be58}"
EndProject
Project("{FAE04EC0-301F-11D3-BF4B-00C04F79EFBC}") = "Unity.VisualStudio.Editor", "Unity.VisualStudio.Editor.csproj", "{05852ef4-2cec-0090-9ac3-1399f2a1065b}"
EndProject
Project("{FAE04EC0-301F-11D3-BF4B-00C04F79EFBC}") = "com.unity.cinemachine.editor", "com.unity.cinemachine.editor.csproj", "{873f06e7-0a85-b8d6-e23e-7ad7172a029a}"
EndProject
Project("{FAE04EC0-301F-11D3-BF4B-00C04F79EFBC}") = "Unity.2D.Psdimporter.Editor", "Unity.2D.Psdimporter.Editor.csproj", "{e86bb084-6bec-23b8-3992-04c707b0a6a2}"
EndProject
Project("{FAE04EC0-301F-11D3-BF4B-00C04F79EFBC}") = "Unity.2D.Animation.Editor", "Unity.2D.Animation.Editor.csproj", "{d207f7d8-87be-4fc4-4131-3c6eddef9e90}"
EndProject
Project("{FAE04EC0-301F-11D3-BF4B-00C04F79EFBC}") = "Unity.TextMeshPro.Editor", "Unity.TextMeshPro.Editor.csproj", "{2b4ab5ff-b52e-0f81-3f80-78cc718cb17c}"
EndProject
Project("{FAE04EC0-301F-11D3-BF4B-00C04F79EFBC}") = "Unity.2D.SpriteShape.Editor", "Unity.2D.SpriteShape.Editor.csproj", "{a118b225-e111-2417-9399-377c0f99e49b}"
EndProject
Project("{FAE04EC0-301F-11D3-BF4B-00C04F79EFBC}") = "Unity.CollabProxy.Editor", "Unity.CollabProxy.Editor.csproj", "{d34da8f3-c6ef-b15e-3381-525ef71cb90f}"
EndProject
Project("{FAE04EC0-301F-11D3-BF4B-00C04F79EFBC}") = "PsdPlugin", "PsdPlugin.csproj", "{ebe0371c-a21e-92f9-59b1-699f9ab07220}"
EndProject
Project("{FAE04EC0-301F-11D3-BF4B-00C04F79EFBC}") = "Unity.2D.Path.Editor", "Unity.2D.Path.Editor.csproj", "{337becdd-e1cc-b53e-b73d-9de959b7fde0}"
EndProject
Project("{FAE04EC0-301F-11D3-BF4B-00C04F79EFBC}") = "Unity.Rider.Editor", "Unity.Rider.Editor.csproj", "{9cfb6452-f9ce-71c5-d599-1ca77f74b8b0}"
EndProject
Project("{FAE04EC0-301F-11D3-BF4B-00C04F79EFBC}") = "Unity.2D.IK.Editor", "Unity.2D.IK.Editor.csproj", "{58f40b9b-cd0f-fd0e-00be-b7540f5cbba6}"
EndProject
Project("{FAE04EC0-301F-11D3-BF4B-00C04F79EFBC}") = "Unity.2D.PixelPerfect.Editor", "Unity.2D.PixelPerfect.Editor.csproj", "{e79bfd98-7fa2-5ac6-4797-953e6559e75d}"
EndProject
Project("{FAE04EC0-301F-11D3-BF4B-00C04F79EFBC}") = "Unity.VSCode.Editor", "Unity.VSCode.Editor.csproj", "{3a7870ae-1d2b-f075-06a9-2df99e9d5206}"
EndProject
Project("{FAE04EC0-301F-11D3-BF4B-00C04F79EFBC}") = "Unity.2D.Common.Editor", "Unity.2D.Common.Editor.csproj", "{d293a831-70cb-fe7a-9867-861b1421ade2}"
EndProject
Project("{FAE04EC0-301F-11D3-BF4B-00C04F79EFBC}") = "Unity.Mathematics.Editor", "Unity.Mathematics.Editor.csproj", "{81d94cbb-eac0-d032-b8f0-e79f0c53fa90}"
EndProject
Project("{FAE04EC0-301F-11D3-BF4B-00C04F79EFBC}") = "Unity.InternalAPIEditorBridge.001", "Unity.InternalAPIEditorBridge.001.csproj", "{c62ef1df-5d96-7fa2-f6b4-ddff3cf2d5ae}"
EndProject
Global
	GlobalSection(SolutionConfigurationPlatforms) = preSolution
		Debug|Any CPU = Debug|Any CPU
	EndGlobalSection
	GlobalSection(ProjectConfigurationPlatforms) = postSolution
		{6b4ce17a-8100-4f65-d95c-165d77a7a06e}.Debug|Any CPU.ActiveCfg = Debug|Any CPU
		{6b4ce17a-8100-4f65-d95c-165d77a7a06e}.Debug|Any CPU.Build.0 = Debug|Any CPU
		{45e687f8-68e3-8b3d-e240-ffed5f42d371}.Debug|Any CPU.ActiveCfg = Debug|Any CPU
		{45e687f8-68e3-8b3d-e240-ffed5f42d371}.Debug|Any CPU.Build.0 = Debug|Any CPU
		{6449cbf9-9bd4-e50d-cadf-fee073f28d65}.Debug|Any CPU.ActiveCfg = Debug|Any CPU
		{6449cbf9-9bd4-e50d-cadf-fee073f28d65}.Debug|Any CPU.Build.0 = Debug|Any CPU
		{13db7418-2500-1cad-e1d0-d37a6dab0f5d}.Debug|Any CPU.ActiveCfg = Debug|Any CPU
		{13db7418-2500-1cad-e1d0-d37a6dab0f5d}.Debug|Any CPU.Build.0 = Debug|Any CPU
		{79a8408a-45c4-fe07-3cfd-844fca94fb44}.Debug|Any CPU.ActiveCfg = Debug|Any CPU
		{79a8408a-45c4-fe07-3cfd-844fca94fb44}.Debug|Any CPU.Build.0 = Debug|Any CPU
		{8efad144-677b-19c6-6d81-1c2008596d47}.Debug|Any CPU.ActiveCfg = Debug|Any CPU
		{8efad144-677b-19c6-6d81-1c2008596d47}.Debug|Any CPU.Build.0 = Debug|Any CPU
		{1075dd9d-ed7f-80ba-2202-0c99a8cf9778}.Debug|Any CPU.ActiveCfg = Debug|Any CPU
		{1075dd9d-ed7f-80ba-2202-0c99a8cf9778}.Debug|Any CPU.Build.0 = Debug|Any CPU
		{71e8d1e9-1ae4-2964-984d-e56c86524116}.Debug|Any CPU.ActiveCfg = Debug|Any CPU
		{71e8d1e9-1ae4-2964-984d-e56c86524116}.Debug|Any CPU.Build.0 = Debug|Any CPU
		{273bffcf-44fe-ec80-a651-dc01b891676f}.Debug|Any CPU.ActiveCfg = Debug|Any CPU
		{273bffcf-44fe-ec80-a651-dc01b891676f}.Debug|Any CPU.Build.0 = Debug|Any CPU
		{f2ca7790-7c9b-7374-9711-d8b7f7db9328}.Debug|Any CPU.ActiveCfg = Debug|Any CPU
		{f2ca7790-7c9b-7374-9711-d8b7f7db9328}.Debug|Any CPU.Build.0 = Debug|Any CPU
		{35a714f6-5cd0-e93e-ef7c-b5fd523ebc87}.Debug|Any CPU.ActiveCfg = Debug|Any CPU
		{35a714f6-5cd0-e93e-ef7c-b5fd523ebc87}.Debug|Any CPU.Build.0 = Debug|Any CPU
		{0aef000a-7c5b-5302-9e95-4cd5cc085469}.Debug|Any CPU.ActiveCfg = Debug|Any CPU
		{0aef000a-7c5b-5302-9e95-4cd5cc085469}.Debug|Any CPU.Build.0 = Debug|Any CPU
		{df795014-f632-2b0c-81ab-41aa5ac5406a}.Debug|Any CPU.ActiveCfg = Debug|Any CPU
		{df795014-f632-2b0c-81ab-41aa5ac5406a}.Debug|Any CPU.Build.0 = Debug|Any CPU
		{e0d83cea-d778-d3c3-cf92-5c8c6cfc6ee2}.Debug|Any CPU.ActiveCfg = Debug|Any CPU
		{e0d83cea-d778-d3c3-cf92-5c8c6cfc6ee2}.Debug|Any CPU.Build.0 = Debug|Any CPU
		{57c0a0dc-19aa-1044-4172-0d14e3444812}.Debug|Any CPU.ActiveCfg = Debug|Any CPU
		{57c0a0dc-19aa-1044-4172-0d14e3444812}.Debug|Any CPU.Build.0 = Debug|Any CPU
		{1b9d014c-a774-c183-53aa-18905136fa7c}.Debug|Any CPU.ActiveCfg = Debug|Any CPU
		{1b9d014c-a774-c183-53aa-18905136fa7c}.Debug|Any CPU.Build.0 = Debug|Any CPU
		{627f6ebc-cdd7-1010-ac9e-81ed7048be58}.Debug|Any CPU.ActiveCfg = Debug|Any CPU
		{627f6ebc-cdd7-1010-ac9e-81ed7048be58}.Debug|Any CPU.Build.0 = Debug|Any CPU
		{05852ef4-2cec-0090-9ac3-1399f2a1065b}.Debug|Any CPU.ActiveCfg = Debug|Any CPU
		{05852ef4-2cec-0090-9ac3-1399f2a1065b}.Debug|Any CPU.Build.0 = Debug|Any CPU
		{873f06e7-0a85-b8d6-e23e-7ad7172a029a}.Debug|Any CPU.ActiveCfg = Debug|Any CPU
		{873f06e7-0a85-b8d6-e23e-7ad7172a029a}.Debug|Any CPU.Build.0 = Debug|Any CPU
		{e86bb084-6bec-23b8-3992-04c707b0a6a2}.Debug|Any CPU.ActiveCfg = Debug|Any CPU
		{e86bb084-6bec-23b8-3992-04c707b0a6a2}.Debug|Any CPU.Build.0 = Debug|Any CPU
		{d207f7d8-87be-4fc4-4131-3c6eddef9e90}.Debug|Any CPU.ActiveCfg = Debug|Any CPU
		{d207f7d8-87be-4fc4-4131-3c6eddef9e90}.Debug|Any CPU.Build.0 = Debug|Any CPU
		{2b4ab5ff-b52e-0f81-3f80-78cc718cb17c}.Debug|Any CPU.ActiveCfg = Debug|Any CPU
		{2b4ab5ff-b52e-0f81-3f80-78cc718cb17c}.Debug|Any CPU.Build.0 = Debug|Any CPU
		{a118b225-e111-2417-9399-377c0f99e49b}.Debug|Any CPU.ActiveCfg = Debug|Any CPU
		{a118b225-e111-2417-9399-377c0f99e49b}.Debug|Any CPU.Build.0 = Debug|Any CPU
		{d34da8f3-c6ef-b15e-3381-525ef71cb90f}.Debug|Any CPU.ActiveCfg = Debug|Any CPU
		{d34da8f3-c6ef-b15e-3381-525ef71cb90f}.Debug|Any CPU.Build.0 = Debug|Any CPU
		{ebe0371c-a21e-92f9-59b1-699f9ab07220}.Debug|Any CPU.ActiveCfg = Debug|Any CPU
		{ebe0371c-a21e-92f9-59b1-699f9ab07220}.Debug|Any CPU.Build.0 = Debug|Any CPU
		{337becdd-e1cc-b53e-b73d-9de959b7fde0}.Debug|Any CPU.ActiveCfg = Debug|Any CPU
		{337becdd-e1cc-b53e-b73d-9de959b7fde0}.Debug|Any CPU.Build.0 = Debug|Any CPU
		{9cfb6452-f9ce-71c5-d599-1ca77f74b8b0}.Debug|Any CPU.ActiveCfg = Debug|Any CPU
		{9cfb6452-f9ce-71c5-d599-1ca77f74b8b0}.Debug|Any CPU.Build.0 = Debug|Any CPU
		{58f40b9b-cd0f-fd0e-00be-b7540f5cbba6}.Debug|Any CPU.ActiveCfg = Debug|Any CPU
		{58f40b9b-cd0f-fd0e-00be-b7540f5cbba6}.Debug|Any CPU.Build.0 = Debug|Any CPU
		{e79bfd98-7fa2-5ac6-4797-953e6559e75d}.Debug|Any CPU.ActiveCfg = Debug|Any CPU
		{e79bfd98-7fa2-5ac6-4797-953e6559e75d}.Debug|Any CPU.Build.0 = Debug|Any CPU
		{3a7870ae-1d2b-f075-06a9-2df99e9d5206}.Debug|Any CPU.ActiveCfg = Debug|Any CPU
		{3a7870ae-1d2b-f075-06a9-2df99e9d5206}.Debug|Any CPU.Build.0 = Debug|Any CPU
		{d293a831-70cb-fe7a-9867-861b1421ade2}.Debug|Any CPU.ActiveCfg = Debug|Any CPU
		{d293a831-70cb-fe7a-9867-861b1421ade2}.Debug|Any CPU.Build.0 = Debug|Any CPU
		{81d94cbb-eac0-d032-b8f0-e79f0c53fa90}.Debug|Any CPU.ActiveCfg = Debug|Any CPU
		{81d94cbb-eac0-d032-b8f0-e79f0c53fa90}.Debug|Any CPU.Build.0 = Debug|Any CPU
		{c62ef1df-5d96-7fa2-f6b4-ddff3cf2d5ae}.Debug|Any CPU.ActiveCfg = Debug|Any CPU
		{c62ef1df-5d96-7fa2-f6b4-ddff3cf2d5ae}.Debug|Any CPU.Build.0 = Debug|Any CPU
	EndGlobalSection
	GlobalSection(SolutionProperties) = preSolution
		HideSolutionNode = FALSE
	EndGlobalSection
EndGlobal
