
Microsoft Visual Studio Solution File, Format Version 11.00
# Visual Studio 2010
Project("{FAE04EC0-301F-11D3-BF4B-00C04F79EFBC}") = "UnityEngine.TestRunner", "UnityEngine.TestRunner.csproj", "{e6c49a76-e5ca-ff1a-187a-5a1f1ba981d8}"
EndProject
Project("{FAE04EC0-301F-11D3-BF4B-00C04F79EFBC}") = "Unity.Mathematics", "Unity.Mathematics.csproj", "{15aa8107-f3cd-22ad-b662-500d56d9638c}"
EndProject
Project("{FAE04EC0-301F-11D3-BF4B-00C04F79EFBC}") = "Unity.Timeline", "Unity.Timeline.csproj", "{02ff2d5b-014d-6928-bba0-79d82fa8bf69}"
EndProject
Project("{FAE04EC0-301F-11D3-BF4B-00C04F79EFBC}") = "Cinemachine", "Cinemachine.csproj", "{6d5adce2-7319-1196-e4ab-8ca91d81640f}"
EndProject
Project("{FAE04EC0-301F-11D3-BF4B-00C04F79EFBC}") = "Unity.TextMeshPro", "Unity.TextMeshPro.csproj", "{8f5a2566-28e3-ea1b-7fc8-2d71e8ba247b}"
EndProject
Project("{FAE04EC0-301F-11D3-BF4B-00C04F79EFBC}") = "Unity.2D.Animation.Runtime", "Unity.2D.Animation.Runtime.csproj", "{9e28721b-88bd-2a51-2ee9-9cdf1259e1ae}"
EndProject
Project("{FAE04EC0-301F-11D3-BF4B-00C04F79EFBC}") = "Unity.2D.IK.Runtime", "Unity.2D.IK.Runtime.csproj", "{fd3cdaf8-35ad-8ad2-6f3a-762ecce00538}"
EndProject
Project("{FAE04EC0-301F-11D3-BF4B-00C04F79EFBC}") = "Unity.2D.SpriteShape.Runtime", "Unity.2D.SpriteShape.Runtime.csproj", "{2b9d87e7-f074-e84c-dffc-1433b220cc7a}"
EndProject
Project("{FAE04EC0-301F-11D3-BF4B-00C04F79EFBC}") = "Unity.2D.PixelPerfect", "Unity.2D.PixelPerfect.csproj", "{9abb20e4-49f8-f74b-dfb7-9deac06c290b}"
EndProject
Project("{FAE04EC0-301F-11D3-BF4B-00C04F79EFBC}") = "Assembly-CSharp", "Assembly-CSharp.csproj", "{bd98a5b8-58f2-efa6-5afa-0b90494475be}"
EndProject
Project("{FAE04EC0-301F-11D3-BF4B-00C04F79EFBC}") = "Unity.2D.Common.Runtime", "Unity.2D.Common.Runtime.csproj", "{0a10c1b7-0aef-dd57-5e11-0292aa24c553}"
EndProject
Project("{FAE04EC0-301F-11D3-BF4B-00C04F79EFBC}") = "Unity.InternalAPIEngineBridge.001", "Unity.InternalAPIEngineBridge.001.csproj", "{be4a96da-e88f-7549-09eb-245293ae974e}"
EndProject
Project("{FAE04EC0-301F-11D3-BF4B-00C04F79EFBC}") = "UnityEditor.TestRunner", "UnityEditor.TestRunner.csproj", "{18027573-4018-9151-1e43-a28313f9d74e}"
EndProject
Project("{FAE04EC0-301F-11D3-BF4B-00C04F79EFBC}") = "Unity.PlasticSCM.Editor", "Unity.PlasticSCM.Editor.csproj", "{f359f9bc-b153-cbff-101b-3f082d97f022}"
EndProject
Project("{FAE04EC0-301F-11D3-BF4B-00C04F79EFBC}") = "Unity.2D.Animation.Triangle.Editor", "Unity.2D.Animation.Triangle.Editor.csproj", "{3eb0f99f-100d-132d-99a9-de8268268002}"
EndProject
Project("{FAE04EC0-301F-11D3-BF4B-00C04F79EFBC}") = "Unity.Services.Core.Editor", "Unity.Services.Core.Editor.csproj", "{8feb37b1-b247-25d2-fdd9-11a2c422053b}"
EndProject
Project("{FAE04EC0-301F-11D3-BF4B-00C04F79EFBC}") = "Unity.Timeline.Editor", "Unity.Timeline.Editor.csproj", "{bae90dbb-a521-8f12-46da-8fb11dcd5c02}"
EndProject
Project("{FAE04EC0-301F-11D3-BF4B-00C04F79EFBC}") = "Unity.VisualStudio.Editor", "Unity.VisualStudio.Editor.csproj", "{4ed8ce38-5be1-b61a-344f-24f20a8aec05}"
EndProject
Project("{FAE04EC0-301F-11D3-BF4B-00C04F79EFBC}") = "com.unity.cinemachine.editor", "com.unity.cinemachine.editor.csproj", "{474e1222-be9b-fe34-77cc-4678ebad5154}"
EndProject
Project("{FAE04EC0-301F-11D3-BF4B-00C04F79EFBC}") = "Unity.2D.Psdimporter.Editor", "Unity.2D.Psdimporter.Editor.csproj", "{f0c4c7a0-93c9-9dc1-ef3a-c1de13196af6}"
EndProject
Project("{FAE04EC0-301F-11D3-BF4B-00C04F79EFBC}") = "Unity.2D.Animation.Editor", "Unity.2D.Animation.Editor.csproj", "{4db1c241-7d6c-240d-b372-660d4e74a1f2}"
EndProject
Project("{FAE04EC0-301F-11D3-BF4B-00C04F79EFBC}") = "Unity.TextMeshPro.Editor", "Unity.TextMeshPro.Editor.csproj", "{d60a60b2-3ac4-b37b-a9d9-e0eca1e302dc}"
EndProject
Project("{FAE04EC0-301F-11D3-BF4B-00C04F79EFBC}") = "Unity.2D.SpriteShape.Editor", "Unity.2D.SpriteShape.Editor.csproj", "{17b245f1-9400-4633-e1fd-2a06072c55cf}"
EndProject
Project("{FAE04EC0-301F-11D3-BF4B-00C04F79EFBC}") = "Unity.CollabProxy.Editor", "Unity.CollabProxy.Editor.csproj", "{ad03efe6-73d1-be11-66ce-b5500ef2bfa8}"
EndProject
Project("{FAE04EC0-301F-11D3-BF4B-00C04F79EFBC}") = "PsdPlugin", "PsdPlugin.csproj", "{0607dc22-3d4c-773a-b1b6-6f2bee29cdfb}"
EndProject
Project("{FAE04EC0-301F-11D3-BF4B-00C04F79EFBC}") = "Unity.2D.Path.Editor", "Unity.2D.Path.Editor.csproj", "{2edc484e-66cf-15ce-8c77-3e59ef2ba372}"
EndProject
Project("{FAE04EC0-301F-11D3-BF4B-00C04F79EFBC}") = "Unity.Rider.Editor", "Unity.Rider.Editor.csproj", "{9180a9d4-ecb4-004f-690a-d37e65cfff5a}"
EndProject
Project("{FAE04EC0-301F-11D3-BF4B-00C04F79EFBC}") = "Unity.2D.IK.Editor", "Unity.2D.IK.Editor.csproj", "{890176bd-53fb-3b34-39c0-b145c848e4fd}"
EndProject
Project("{FAE04EC0-301F-11D3-BF4B-00C04F79EFBC}") = "Unity.2D.PixelPerfect.Editor", "Unity.2D.PixelPerfect.Editor.csproj", "{c25d06aa-75d1-4711-317b-b5c587c92265}"
EndProject
Project("{FAE04EC0-301F-11D3-BF4B-00C04F79EFBC}") = "Unity.VSCode.Editor", "Unity.VSCode.Editor.csproj", "{79582b15-0642-8d56-d131-38a50f284ba2}"
EndProject
Project("{FAE04EC0-301F-11D3-BF4B-00C04F79EFBC}") = "Unity.2D.Common.Editor", "Unity.2D.Common.Editor.csproj", "{8bfd6a4b-9a17-3169-afe3-42a9985bb369}"
EndProject
Project("{FAE04EC0-301F-11D3-BF4B-00C04F79EFBC}") = "Unity.Mathematics.Editor", "Unity.Mathematics.Editor.csproj", "{b320ed1a-323c-8dde-2f89-764ee59347b7}"
EndProject
Project("{FAE04EC0-301F-11D3-BF4B-00C04F79EFBC}") = "Unity.InternalAPIEditorBridge.001", "Unity.InternalAPIEditorBridge.001.csproj", "{40219f54-c8cf-5496-f10e-b6f96bddacb4}"
EndProject
Global
	GlobalSection(SolutionConfigurationPlatforms) = preSolution
		Debug|Any CPU = Debug|Any CPU
	EndGlobalSection
	GlobalSection(ProjectConfigurationPlatforms) = postSolution
		{e6c49a76-e5ca-ff1a-187a-5a1f1ba981d8}.Debug|Any CPU.ActiveCfg = Debug|Any CPU
		{e6c49a76-e5ca-ff1a-187a-5a1f1ba981d8}.Debug|Any CPU.Build.0 = Debug|Any CPU
		{15aa8107-f3cd-22ad-b662-500d56d9638c}.Debug|Any CPU.ActiveCfg = Debug|Any CPU
		{15aa8107-f3cd-22ad-b662-500d56d9638c}.Debug|Any CPU.Build.0 = Debug|Any CPU
		{02ff2d5b-014d-6928-bba0-79d82fa8bf69}.Debug|Any CPU.ActiveCfg = Debug|Any CPU
		{02ff2d5b-014d-6928-bba0-79d82fa8bf69}.Debug|Any CPU.Build.0 = Debug|Any CPU
		{6d5adce2-7319-1196-e4ab-8ca91d81640f}.Debug|Any CPU.ActiveCfg = Debug|Any CPU
		{6d5adce2-7319-1196-e4ab-8ca91d81640f}.Debug|Any CPU.Build.0 = Debug|Any CPU
		{8f5a2566-28e3-ea1b-7fc8-2d71e8ba247b}.Debug|Any CPU.ActiveCfg = Debug|Any CPU
		{8f5a2566-28e3-ea1b-7fc8-2d71e8ba247b}.Debug|Any CPU.Build.0 = Debug|Any CPU
		{9e28721b-88bd-2a51-2ee9-9cdf1259e1ae}.Debug|Any CPU.ActiveCfg = Debug|Any CPU
		{9e28721b-88bd-2a51-2ee9-9cdf1259e1ae}.Debug|Any CPU.Build.0 = Debug|Any CPU
		{fd3cdaf8-35ad-8ad2-6f3a-762ecce00538}.Debug|Any CPU.ActiveCfg = Debug|Any CPU
		{fd3cdaf8-35ad-8ad2-6f3a-762ecce00538}.Debug|Any CPU.Build.0 = Debug|Any CPU
		{2b9d87e7-f074-e84c-dffc-1433b220cc7a}.Debug|Any CPU.ActiveCfg = Debug|Any CPU
		{2b9d87e7-f074-e84c-dffc-1433b220cc7a}.Debug|Any CPU.Build.0 = Debug|Any CPU
		{9abb20e4-49f8-f74b-dfb7-9deac06c290b}.Debug|Any CPU.ActiveCfg = Debug|Any CPU
		{9abb20e4-49f8-f74b-dfb7-9deac06c290b}.Debug|Any CPU.Build.0 = Debug|Any CPU
		{bd98a5b8-58f2-efa6-5afa-0b90494475be}.Debug|Any CPU.ActiveCfg = Debug|Any CPU
		{bd98a5b8-58f2-efa6-5afa-0b90494475be}.Debug|Any CPU.Build.0 = Debug|Any CPU
		{0a10c1b7-0aef-dd57-5e11-0292aa24c553}.Debug|Any CPU.ActiveCfg = Debug|Any CPU
		{0a10c1b7-0aef-dd57-5e11-0292aa24c553}.Debug|Any CPU.Build.0 = Debug|Any CPU
		{be4a96da-e88f-7549-09eb-245293ae974e}.Debug|Any CPU.ActiveCfg = Debug|Any CPU
		{be4a96da-e88f-7549-09eb-245293ae974e}.Debug|Any CPU.Build.0 = Debug|Any CPU
		{18027573-4018-9151-1e43-a28313f9d74e}.Debug|Any CPU.ActiveCfg = Debug|Any CPU
		{18027573-4018-9151-1e43-a28313f9d74e}.Debug|Any CPU.Build.0 = Debug|Any CPU
		{f359f9bc-b153-cbff-101b-3f082d97f022}.Debug|Any CPU.ActiveCfg = Debug|Any CPU
		{f359f9bc-b153-cbff-101b-3f082d97f022}.Debug|Any CPU.Build.0 = Debug|Any CPU
		{3eb0f99f-100d-132d-99a9-de8268268002}.Debug|Any CPU.ActiveCfg = Debug|Any CPU
		{3eb0f99f-100d-132d-99a9-de8268268002}.Debug|Any CPU.Build.0 = Debug|Any CPU
		{8feb37b1-b247-25d2-fdd9-11a2c422053b}.Debug|Any CPU.ActiveCfg = Debug|Any CPU
		{8feb37b1-b247-25d2-fdd9-11a2c422053b}.Debug|Any CPU.Build.0 = Debug|Any CPU
		{bae90dbb-a521-8f12-46da-8fb11dcd5c02}.Debug|Any CPU.ActiveCfg = Debug|Any CPU
		{bae90dbb-a521-8f12-46da-8fb11dcd5c02}.Debug|Any CPU.Build.0 = Debug|Any CPU
		{4ed8ce38-5be1-b61a-344f-24f20a8aec05}.Debug|Any CPU.ActiveCfg = Debug|Any CPU
		{4ed8ce38-5be1-b61a-344f-24f20a8aec05}.Debug|Any CPU.Build.0 = Debug|Any CPU
		{474e1222-be9b-fe34-77cc-4678ebad5154}.Debug|Any CPU.ActiveCfg = Debug|Any CPU
		{474e1222-be9b-fe34-77cc-4678ebad5154}.Debug|Any CPU.Build.0 = Debug|Any CPU
		{f0c4c7a0-93c9-9dc1-ef3a-c1de13196af6}.Debug|Any CPU.ActiveCfg = Debug|Any CPU
		{f0c4c7a0-93c9-9dc1-ef3a-c1de13196af6}.Debug|Any CPU.Build.0 = Debug|Any CPU
		{4db1c241-7d6c-240d-b372-660d4e74a1f2}.Debug|Any CPU.ActiveCfg = Debug|Any CPU
		{4db1c241-7d6c-240d-b372-660d4e74a1f2}.Debug|Any CPU.Build.0 = Debug|Any CPU
		{d60a60b2-3ac4-b37b-a9d9-e0eca1e302dc}.Debug|Any CPU.ActiveCfg = Debug|Any CPU
		{d60a60b2-3ac4-b37b-a9d9-e0eca1e302dc}.Debug|Any CPU.Build.0 = Debug|Any CPU
		{17b245f1-9400-4633-e1fd-2a06072c55cf}.Debug|Any CPU.ActiveCfg = Debug|Any CPU
		{17b245f1-9400-4633-e1fd-2a06072c55cf}.Debug|Any CPU.Build.0 = Debug|Any CPU
		{ad03efe6-73d1-be11-66ce-b5500ef2bfa8}.Debug|Any CPU.ActiveCfg = Debug|Any CPU
		{ad03efe6-73d1-be11-66ce-b5500ef2bfa8}.Debug|Any CPU.Build.0 = Debug|Any CPU
		{0607dc22-3d4c-773a-b1b6-6f2bee29cdfb}.Debug|Any CPU.ActiveCfg = Debug|Any CPU
		{0607dc22-3d4c-773a-b1b6-6f2bee29cdfb}.Debug|Any CPU.Build.0 = Debug|Any CPU
		{2edc484e-66cf-15ce-8c77-3e59ef2ba372}.Debug|Any CPU.ActiveCfg = Debug|Any CPU
		{2edc484e-66cf-15ce-8c77-3e59ef2ba372}.Debug|Any CPU.Build.0 = Debug|Any CPU
		{9180a9d4-ecb4-004f-690a-d37e65cfff5a}.Debug|Any CPU.ActiveCfg = Debug|Any CPU
		{9180a9d4-ecb4-004f-690a-d37e65cfff5a}.Debug|Any CPU.Build.0 = Debug|Any CPU
		{890176bd-53fb-3b34-39c0-b145c848e4fd}.Debug|Any CPU.ActiveCfg = Debug|Any CPU
		{890176bd-53fb-3b34-39c0-b145c848e4fd}.Debug|Any CPU.Build.0 = Debug|Any CPU
		{c25d06aa-75d1-4711-317b-b5c587c92265}.Debug|Any CPU.ActiveCfg = Debug|Any CPU
		{c25d06aa-75d1-4711-317b-b5c587c92265}.Debug|Any CPU.Build.0 = Debug|Any CPU
		{79582b15-0642-8d56-d131-38a50f284ba2}.Debug|Any CPU.ActiveCfg = Debug|Any CPU
		{79582b15-0642-8d56-d131-38a50f284ba2}.Debug|Any CPU.Build.0 = Debug|Any CPU
		{8bfd6a4b-9a17-3169-afe3-42a9985bb369}.Debug|Any CPU.ActiveCfg = Debug|Any CPU
		{8bfd6a4b-9a17-3169-afe3-42a9985bb369}.Debug|Any CPU.Build.0 = Debug|Any CPU
		{b320ed1a-323c-8dde-2f89-764ee59347b7}.Debug|Any CPU.ActiveCfg = Debug|Any CPU
		{b320ed1a-323c-8dde-2f89-764ee59347b7}.Debug|Any CPU.Build.0 = Debug|Any CPU
		{40219f54-c8cf-5496-f10e-b6f96bddacb4}.Debug|Any CPU.ActiveCfg = Debug|Any CPU
		{40219f54-c8cf-5496-f10e-b6f96bddacb4}.Debug|Any CPU.Build.0 = Debug|Any CPU
	EndGlobalSection
	GlobalSection(SolutionProperties) = preSolution
		HideSolutionNode = FALSE
	EndGlobalSection
EndGlobal
